
Microsoft Visual Studio Solution File, Format Version 12.00
Project("{FAE04EC0-301F-11D3-BF4B-00C04F79EFBC}") = "Primer", "src\Primer\Primer.csproj", "{8A32C37D-D4E5-4F7B-962F-E560838CB8BC}"
EndProject
Project("{FAE04EC0-301F-11D3-BF4B-00C04F79EFBC}") = "Primer.Tests.Base", "src\Primer.Tests.Base\Primer.Tests.Base.csproj", "{9BA01CC2-7058-4098-BEAE-C05247B67CA0}"
EndProject
Project("{2150E333-8FDC-42A3-9474-1A3956D46DE8}") = "examples", "examples", "{B36A84DF-456D-A817-6EDD-3EC3E7F6E11F}"
EndProject
Project("{FAE04EC0-301F-11D3-BF4B-00C04F79EFBC}") = "Primer.Samples.Standard", "examples\Primer.Samples.Standard\Primer.Samples.Standard.csproj", "{4D2FFEAA-D484-4A51-B0DE-6F75AED6A0BA}"
EndProject
Project("{2150E333-8FDC-42A3-9474-1A3956D46DE8}") = "tests", "tests", "{0AB3BF05-4346-4AA6-1389-037BE0695223}"
EndProject
Project("{FAE04EC0-301F-11D3-BF4B-00C04F79EFBC}") = "Primer.Tests.Unit", "tests\Primer.Tests.Unit\Primer.Tests.Unit.csproj", "{F9986E89-3D47-4197-81CD-94ED3F74729D}"
EndProject
Project("{FAE04EC0-301F-11D3-BF4B-00C04F79EFBC}") = "Primer.Tests.Integration", "tests\Primer.Tests.Integration\Primer.Tests.Integration.csproj", "{62E5C799-F711-465C-8D6B-B9473C25D828}"
EndProject
Global
	GlobalSection(SolutionConfigurationPlatforms) = preSolution
		Debug|Any CPU = Debug|Any CPU
		Debug|x64 = Debug|x64
		Debug|x86 = Debug|x86
		Release|Any CPU = Release|Any CPU
		Release|x64 = Release|x64
		Release|x86 = Release|x86
	EndGlobalSection
	GlobalSection(ProjectConfigurationPlatforms) = postSolution
		{8A32C37D-D4E5-4F7B-962F-E560838CB8BC}.Debug|Any CPU.ActiveCfg = Debug|Any CPU
		{8A32C37D-D4E5-4F7B-962F-E560838CB8BC}.Debug|Any CPU.Build.0 = Debug|Any CPU
		{8A32C37D-D4E5-4F7B-962F-E560838CB8BC}.Debug|x64.ActiveCfg = Debug|Any CPU
		{8A32C37D-D4E5-4F7B-962F-E560838CB8BC}.Debug|x64.Build.0 = Debug|Any CPU
		{8A32C37D-D4E5-4F7B-962F-E560838CB8BC}.Debug|x86.ActiveCfg = Debug|Any CPU
		{8A32C37D-D4E5-4F7B-962F-E560838CB8BC}.Debug|x86.Build.0 = Debug|Any CPU
		{8A32C37D-D4E5-4F7B-962F-E560838CB8BC}.Release|Any CPU.ActiveCfg = Release|Any CPU
		{8A32C37D-D4E5-4F7B-962F-E560838CB8BC}.Release|Any CPU.Build.0 = Release|Any CPU
		{8A32C37D-D4E5-4F7B-962F-E560838CB8BC}.Release|x64.ActiveCfg = Release|Any CPU
		{8A32C37D-D4E5-4F7B-962F-E560838CB8BC}.Release|x64.Build.0 = Release|Any CPU
		{8A32C37D-D4E5-4F7B-962F-E560838CB8BC}.Release|x86.ActiveCfg = Release|Any CPU
		{8A32C37D-D4E5-4F7B-962F-E560838CB8BC}.Release|x86.Build.0 = Release|Any CPU
		{9BA01CC2-7058-4098-BEAE-C05247B67CA0}.Debug|Any CPU.ActiveCfg = Debug|Any CPU
		{9BA01CC2-7058-4098-BEAE-C05247B67CA0}.Debug|Any CPU.Build.0 = Debug|Any CPU
		{9BA01CC2-7058-4098-BEAE-C05247B67CA0}.Debug|x64.ActiveCfg = Debug|Any CPU
		{9BA01CC2-7058-4098-BEAE-C05247B67CA0}.Debug|x64.Build.0 = Debug|Any CPU
		{9BA01CC2-7058-4098-BEAE-C05247B67CA0}.Debug|x86.ActiveCfg = Debug|Any CPU
		{9BA01CC2-7058-4098-BEAE-C05247B67CA0}.Debug|x86.Build.0 = Debug|Any CPU
		{9BA01CC2-7058-4098-BEAE-C05247B67CA0}.Release|Any CPU.ActiveCfg = Release|Any CPU
		{9BA01CC2-7058-4098-BEAE-C05247B67CA0}.Release|Any CPU.Build.0 = Release|Any CPU
		{9BA01CC2-7058-4098-BEAE-C05247B67CA0}.Release|x64.ActiveCfg = Release|Any CPU
		{9BA01CC2-7058-4098-BEAE-C05247B67CA0}.Release|x64.Build.0 = Release|Any CPU
		{9BA01CC2-7058-4098-BEAE-C05247B67CA0}.Release|x86.ActiveCfg = Release|Any CPU
		{9BA01CC2-7058-4098-BEAE-C05247B67CA0}.Release|x86.Build.0 = Release|Any CPU
		{4D2FFEAA-D484-4A51-B0DE-6F75AED6A0BA}.Debug|Any CPU.ActiveCfg = Debug|Any CPU
		{4D2FFEAA-D484-4A51-B0DE-6F75AED6A0BA}.Debug|Any CPU.Build.0 = Debug|Any CPU
		{4D2FFEAA-D484-4A51-B0DE-6F75AED6A0BA}.Debug|x64.ActiveCfg = Debug|Any CPU
		{4D2FFEAA-D484-4A51-B0DE-6F75AED6A0BA}.Debug|x64.Build.0 = Debug|Any CPU
		{4D2FFEAA-D484-4A51-B0DE-6F75AED6A0BA}.Debug|x86.ActiveCfg = Debug|Any CPU
		{4D2FFEAA-D484-4A51-B0DE-6F75AED6A0BA}.Debug|x86.Build.0 = Debug|Any CPU
		{4D2FFEAA-D484-4A51-B0DE-6F75AED6A0BA}.Release|Any CPU.ActiveCfg = Release|Any CPU
		{4D2FFEAA-D484-4A51-B0DE-6F75AED6A0BA}.Release|Any CPU.Build.0 = Release|Any CPU
		{4D2FFEAA-D484-4A51-B0DE-6F75AED6A0BA}.Release|x64.ActiveCfg = Release|Any CPU
		{4D2FFEAA-D484-4A51-B0DE-6F75AED6A0BA}.Release|x64.Build.0 = Release|Any CPU
		{4D2FFEAA-D484-4A51-B0DE-6F75AED6A0BA}.Release|x86.ActiveCfg = Release|Any CPU
		{4D2FFEAA-D484-4A51-B0DE-6F75AED6A0BA}.Release|x86.Build.0 = Release|Any CPU
		{F9986E89-3D47-4197-81CD-94ED3F74729D}.Debug|Any CPU.ActiveCfg = Debug|Any CPU
		{F9986E89-3D47-4197-81CD-94ED3F74729D}.Debug|Any CPU.Build.0 = Debug|Any CPU
		{F9986E89-3D47-4197-81CD-94ED3F74729D}.Debug|x64.ActiveCfg = Debug|Any CPU
		{F9986E89-3D47-4197-81CD-94ED3F74729D}.Debug|x64.Build.0 = Debug|Any CPU
		{F9986E89-3D47-4197-81CD-94ED3F74729D}.Debug|x86.ActiveCfg = Debug|Any CPU
		{F9986E89-3D47-4197-81CD-94ED3F74729D}.Debug|x86.Build.0 = Debug|Any CPU
		{F9986E89-3D47-4197-81CD-94ED3F74729D}.Release|Any CPU.ActiveCfg = Release|Any CPU
		{F9986E89-3D47-4197-81CD-94ED3F74729D}.Release|Any CPU.Build.0 = Release|Any CPU
		{F9986E89-3D47-4197-81CD-94ED3F74729D}.Release|x64.ActiveCfg = Release|Any CPU
		{F9986E89-3D47-4197-81CD-94ED3F74729D}.Release|x64.Build.0 = Release|Any CPU
		{F9986E89-3D47-4197-81CD-94ED3F74729D}.Release|x86.ActiveCfg = Release|Any CPU
		{F9986E89-3D47-4197-81CD-94ED3F74729D}.Release|x86.Build.0 = Release|Any CPU
		{62E5C799-F711-465C-8D6B-B9473C25D828}.Debug|Any CPU.ActiveCfg = Debug|Any CPU
		{62E5C799-F711-465C-8D6B-B9473C25D828}.Debug|Any CPU.Build.0 = Debug|Any CPU
		{62E5C799-F711-465C-8D6B-B9473C25D828}.Debug|x64.ActiveCfg = Debug|Any CPU
		{62E5C799-F711-465C-8D6B-B9473C25D828}.Debug|x64.Build.0 = Debug|Any CPU
		{62E5C799-F711-465C-8D6B-B9473C25D828}.Debug|x86.ActiveCfg = Debug|Any CPU
		{62E5C799-F711-465C-8D6B-B9473C25D828}.Debug|x86.Build.0 = Debug|Any CPU
		{62E5C799-F711-465C-8D6B-B9473C25D828}.Release|Any CPU.ActiveCfg = Release|Any CPU
		{62E5C799-F711-465C-8D6B-B9473C25D828}.Release|Any CPU.Build.0 = Release|Any CPU
		{62E5C799-F711-465C-8D6B-B9473C25D828}.Release|x64.ActiveCfg = Release|Any CPU
		{62E5C799-F711-465C-8D6B-B9473C25D828}.Release|x64.Build.0 = Release|Any CPU
		{62E5C799-F711-465C-8D6B-B9473C25D828}.Release|x86.ActiveCfg = Release|Any CPU
		{62E5C799-F711-465C-8D6B-B9473C25D828}.Release|x86.Build.0 = Release|Any CPU
	EndGlobalSection
	GlobalSection(SolutionProperties) = preSolution
		HideSolutionNode = FALSE
	EndGlobalSection
	GlobalSection(NestedProjects) = preSolution
		{4D2FFEAA-D484-4A51-B0DE-6F75AED6A0BA} = {B36A84DF-456D-A817-6EDD-3EC3E7F6E11F}
		{F9986E89-3D47-4197-81CD-94ED3F74729D} = {0AB3BF05-4346-4AA6-1389-037BE0695223}
		{62E5C799-F711-465C-8D6B-B9473C25D828} = {0AB3BF05-4346-4AA6-1389-037BE0695223}
	EndGlobalSection
EndGlobal
